
Microsoft Visual Studio Solution File, Format Version 12.00
# Visual Studio Version 17
VisualStudioVersion = 17.11.35327.3
MinimumVisualStudioVersion = 10.0.40219.1
Project("{9A19103F-16F7-4668-BE54-9A1E7A4F7556}") = "QAirlines.API", "QAirlines.API\QAirlines.API.csproj", "{E2933D8B-7BE7-4533-B152-AFE3B6EE4A25}"
EndProject
Project("{9A19103F-16F7-4668-BE54-9A1E7A4F7556}") = "QAirlines.Models", "QAirlines.Models\QAirlines.Models.csproj", "{9F3BC3BF-06A0-438D-9881-C61C89CD478E}"
EndProject
Project("{9A19103F-16F7-4668-BE54-9A1E7A4F7556}") = "QAirlines.DataAccess", "QAirlines.DataAccess\QAirlines.DataAccess.csproj", "{6A90B8AA-DB1E-4505-AB9F-893939EB8DDF}"
EndProject
Project("{9A19103F-16F7-4668-BE54-9A1E7A4F7556}") = "QAirlines.Repositories", "QAirlines.Repositories\QAirlines.Repositories.csproj", "{CFF8D371-9627-49BB-A689-BDD269F61025}"
EndProject
Project("{9A19103F-16F7-4668-BE54-9A1E7A4F7556}") = "QAirlines.Transactions", "QAirlines.Transactions\QAirlines.Transactions.csproj", "{872E38E7-C81C-4B7B-AC84-B901704DCF88}"
EndProject
Global
	GlobalSection(SolutionConfigurationPlatforms) = preSolution
		Debug|Any CPU = Debug|Any CPU
		Release|Any CPU = Release|Any CPU
	EndGlobalSection
	GlobalSection(ProjectConfigurationPlatforms) = postSolution
		{E2933D8B-7BE7-4533-B152-AFE3B6EE4A25}.Debug|Any CPU.ActiveCfg = Debug|Any CPU
		{E2933D8B-7BE7-4533-B152-AFE3B6EE4A25}.Debug|Any CPU.Build.0 = Debug|Any CPU
		{E2933D8B-7BE7-4533-B152-AFE3B6EE4A25}.Release|Any CPU.ActiveCfg = Release|Any CPU
		{E2933D8B-7BE7-4533-B152-AFE3B6EE4A25}.Release|Any CPU.Build.0 = Release|Any CPU
		{9F3BC3BF-06A0-438D-9881-C61C89CD478E}.Debug|Any CPU.ActiveCfg = Debug|Any CPU
		{9F3BC3BF-06A0-438D-9881-C61C89CD478E}.Debug|Any CPU.Build.0 = Debug|Any CPU
		{9F3BC3BF-06A0-438D-9881-C61C89CD478E}.Release|Any CPU.ActiveCfg = Release|Any CPU
		{9F3BC3BF-06A0-438D-9881-C61C89CD478E}.Release|Any CPU.Build.0 = Release|Any CPU
		{6A90B8AA-DB1E-4505-AB9F-893939EB8DDF}.Debug|Any CPU.ActiveCfg = Debug|Any CPU
		{6A90B8AA-DB1E-4505-AB9F-893939EB8DDF}.Debug|Any CPU.Build.0 = Debug|Any CPU
		{6A90B8AA-DB1E-4505-AB9F-893939EB8DDF}.Release|Any CPU.ActiveCfg = Release|Any CPU
		{6A90B8AA-DB1E-4505-AB9F-893939EB8DDF}.Release|Any CPU.Build.0 = Release|Any CPU
		{CFF8D371-9627-49BB-A689-BDD269F61025}.Debug|Any CPU.ActiveCfg = Debug|Any CPU
		{CFF8D371-9627-49BB-A689-BDD269F61025}.Debug|Any CPU.Build.0 = Debug|Any CPU
		{CFF8D371-9627-49BB-A689-BDD269F61025}.Release|Any CPU.ActiveCfg = Release|Any CPU
		{CFF8D371-9627-49BB-A689-BDD269F61025}.Release|Any CPU.Build.0 = Release|Any CPU
		{872E38E7-C81C-4B7B-AC84-B901704DCF88}.Debug|Any CPU.ActiveCfg = Debug|Any CPU
		{872E38E7-C81C-4B7B-AC84-B901704DCF88}.Debug|Any CPU.Build.0 = Debug|Any CPU
		{872E38E7-C81C-4B7B-AC84-B901704DCF88}.Release|Any CPU.ActiveCfg = Release|Any CPU
		{872E38E7-C81C-4B7B-AC84-B901704DCF88}.Release|Any CPU.Build.0 = Release|Any CPU
	EndGlobalSection
	GlobalSection(SolutionProperties) = preSolution
		HideSolutionNode = FALSE
	EndGlobalSection
	GlobalSection(ExtensibilityGlobals) = postSolution
		SolutionGuid = {29289466-E312-430C-828C-8F08870CD14E}
	EndGlobalSection
EndGlobal
